
Microsoft Visual Studio Solution File, Format Version 12.00
# Visual Studio Version 16
VisualStudioVersion = 16.0.30114.105
MinimumVisualStudioVersion = 10.0.40219.1
Project("{FAE04EC0-301F-11D3-BF4B-00C04F79EFBC}") = "STGCSharpCert", "STGCSharpProject\STGCSharpCert.csproj", "{9F5AD07A-1290-4E45-8220-D7F7BA93E2A4}"
EndProject
Global
	GlobalSection(SolutionConfigurationPlatforms) = preSolution
		Debug|Any CPU = Debug|Any CPU
		Release|Any CPU = Release|Any CPU
	EndGlobalSection
	GlobalSection(ProjectConfigurationPlatforms) = postSolution
		{9F5AD07A-1290-4E45-8220-D7F7BA93E2A4}.Debug|Any CPU.ActiveCfg = Debug|Any CPU
		{9F5AD07A-1290-4E45-8220-D7F7BA93E2A4}.Debug|Any CPU.Build.0 = Debug|Any CPU
		{9F5AD07A-1290-4E45-8220-D7F7BA93E2A4}.Release|Any CPU.ActiveCfg = Release|Any CPU
		{9F5AD07A-1290-4E45-8220-D7F7BA93E2A4}.Release|Any CPU.Build.0 = Release|Any CPU
	EndGlobalSection
	GlobalSection(SolutionProperties) = preSolution
		HideSolutionNode = FALSE
	EndGlobalSection
	GlobalSection(ExtensibilityGlobals) = postSolution
		SolutionGuid = {86D6BEFA-F963-4D0E-800F-D33820BAB14E}
	EndGlobalSection
EndGlobal
